
Microsoft Visual Studio Solution File, Format Version 12.00
# Visual Studio Version 17
VisualStudioVersion = 17.8.34511.84
MinimumVisualStudioVersion = 10.0.40219.1
Project("{FAE04EC0-301F-11D3-BF4B-00C04F79EFBC}") = "CampeonatosFIFA", "CampeonatosFIFA\CampeonatosFIFA.csproj", "{C9AD6565-96EC-4F62-A62D-1370CA9A29E0}"
EndProject
Global
	GlobalSection(SolutionConfigurationPlatforms) = preSolution
		Debug|Any CPU = Debug|Any CPU
		Release|Any CPU = Release|Any CPU
	EndGlobalSection
	GlobalSection(ProjectConfigurationPlatforms) = postSolution
		{C9AD6565-96EC-4F62-A62D-1370CA9A29E0}.Debug|Any CPU.ActiveCfg = Debug|Any CPU
		{C9AD6565-96EC-4F62-A62D-1370CA9A29E0}.Debug|Any CPU.Build.0 = Debug|Any CPU
		{C9AD6565-96EC-4F62-A62D-1370CA9A29E0}.Release|Any CPU.ActiveCfg = Release|Any CPU
		{C9AD6565-96EC-4F62-A62D-1370CA9A29E0}.Release|Any CPU.Build.0 = Release|Any CPU
	EndGlobalSection
	GlobalSection(SolutionProperties) = preSolution
		HideSolutionNode = FALSE
	EndGlobalSection
	GlobalSection(ExtensibilityGlobals) = postSolution
		SolutionGuid = {9F9AC95E-7E0B-4914-8482-3E0FB9E2CE24}
	EndGlobalSection
EndGlobal
